
Microsoft Visual Studio Solution File, Format Version 12.00
# Visual Studio 14
VisualStudioVersion = 14.0.24720.0
MinimumVisualStudioVersion = 10.0.40219.1
Project("{FAE04EC0-301F-11D3-BF4B-00C04F79EFBC}") = "EssentialTraining", "EssentialTraining\EssentialTraining.csproj", "{F69921DE-8AFE-4782-A6D4-B7D60476C7CE}"
EndProject
Project("{FAE04EC0-301F-11D3-BF4B-00C04F79EFBC}") = "EssentialTrainingTest", "EssentialTrainingTest\EssentialTrainingTest.csproj", "{A08B404F-F5B0-491A-8DC2-FB4F13354C56}"
EndProject
Project("{FAE04EC0-301F-11D3-BF4B-00C04F79EFBC}") = "EssentialTrainingApp", "EssentialTrainingApp\EssentialTrainingApp.csproj", "{C1BE8459-80CB-467F-B092-A1AAAC7B8F91}"
EndProject
Global
	GlobalSection(SolutionConfigurationPlatforms) = preSolution
		Debug|Any CPU = Debug|Any CPU
		Release|Any CPU = Release|Any CPU
	EndGlobalSection
	GlobalSection(ProjectConfigurationPlatforms) = postSolution
		{F69921DE-8AFE-4782-A6D4-B7D60476C7CE}.Debug|Any CPU.ActiveCfg = Debug|Any CPU
		{F69921DE-8AFE-4782-A6D4-B7D60476C7CE}.Debug|Any CPU.Build.0 = Debug|Any CPU
		{F69921DE-8AFE-4782-A6D4-B7D60476C7CE}.Release|Any CPU.ActiveCfg = Release|Any CPU
		{F69921DE-8AFE-4782-A6D4-B7D60476C7CE}.Release|Any CPU.Build.0 = Release|Any CPU
		{A08B404F-F5B0-491A-8DC2-FB4F13354C56}.Debug|Any CPU.ActiveCfg = Debug|Any CPU
		{A08B404F-F5B0-491A-8DC2-FB4F13354C56}.Debug|Any CPU.Build.0 = Debug|Any CPU
		{A08B404F-F5B0-491A-8DC2-FB4F13354C56}.Release|Any CPU.ActiveCfg = Release|Any CPU
		{A08B404F-F5B0-491A-8DC2-FB4F13354C56}.Release|Any CPU.Build.0 = Release|Any CPU
		{C1BE8459-80CB-467F-B092-A1AAAC7B8F91}.Debug|Any CPU.ActiveCfg = Debug|Any CPU
		{C1BE8459-80CB-467F-B092-A1AAAC7B8F91}.Debug|Any CPU.Build.0 = Debug|Any CPU
		{C1BE8459-80CB-467F-B092-A1AAAC7B8F91}.Release|Any CPU.ActiveCfg = Release|Any CPU
		{C1BE8459-80CB-467F-B092-A1AAAC7B8F91}.Release|Any CPU.Build.0 = Release|Any CPU
	EndGlobalSection
	GlobalSection(SolutionProperties) = preSolution
		HideSolutionNode = FALSE
	EndGlobalSection
EndGlobal
