
Microsoft Visual Studio Solution File, Format Version 12.00
# Visual Studio 14
VisualStudioVersion = 14.0.24720.0
MinimumVisualStudioVersion = 10.0.40219.1
Project("{FAE04EC0-301F-11D3-BF4B-00C04F79EFBC}") = "LinkedList", "LinkedList\LinkedList.csproj", "{5DDB310D-63BC-4761-AEEF-5937073E143C}"
EndProject
Project("{FAE04EC0-301F-11D3-BF4B-00C04F79EFBC}") = "LinkedListClass", "LinkedListClass\LinkedListClass.csproj", "{72EEE36A-002B-4B07-A9ED-F265F7BDB149}"
EndProject
Global
	GlobalSection(SolutionConfigurationPlatforms) = preSolution
		Debug|Any CPU = Debug|Any CPU
		Release|Any CPU = Release|Any CPU
	EndGlobalSection
	GlobalSection(ProjectConfigurationPlatforms) = postSolution
		{5DDB310D-63BC-4761-AEEF-5937073E143C}.Debug|Any CPU.ActiveCfg = Debug|Any CPU
		{5DDB310D-63BC-4761-AEEF-5937073E143C}.Debug|Any CPU.Build.0 = Debug|Any CPU
		{5DDB310D-63BC-4761-AEEF-5937073E143C}.Release|Any CPU.ActiveCfg = Release|Any CPU
		{5DDB310D-63BC-4761-AEEF-5937073E143C}.Release|Any CPU.Build.0 = Release|Any CPU
		{72EEE36A-002B-4B07-A9ED-F265F7BDB149}.Debug|Any CPU.ActiveCfg = Debug|Any CPU
		{72EEE36A-002B-4B07-A9ED-F265F7BDB149}.Debug|Any CPU.Build.0 = Debug|Any CPU
		{72EEE36A-002B-4B07-A9ED-F265F7BDB149}.Release|Any CPU.ActiveCfg = Release|Any CPU
		{72EEE36A-002B-4B07-A9ED-F265F7BDB149}.Release|Any CPU.Build.0 = Release|Any CPU
	EndGlobalSection
	GlobalSection(SolutionProperties) = preSolution
		HideSolutionNode = FALSE
	EndGlobalSection
EndGlobal
